
Microsoft Visual Studio Solution File, Format Version 12.00
# Visual Studio Version 16
VisualStudioVersion = 16.0.32126.315
MinimumVisualStudioVersion = 10.0.40219.1
Project("{FAE04EC0-301F-11D3-BF4B-00C04F79EFBC}") = "Desafio_8Quali", "Desafio_8Quali\Desafio_8Quali.csproj", "{D645587B-6E51-4052-93E3-E75EF4DBF55B}"
EndProject
Global
	GlobalSection(SolutionConfigurationPlatforms) = preSolution
		Debug|Any CPU = Debug|Any CPU
		Release|Any CPU = Release|Any CPU
	EndGlobalSection
	GlobalSection(ProjectConfigurationPlatforms) = postSolution
		{D645587B-6E51-4052-93E3-E75EF4DBF55B}.Debug|Any CPU.ActiveCfg = Debug|Any CPU
		{D645587B-6E51-4052-93E3-E75EF4DBF55B}.Debug|Any CPU.Build.0 = Debug|Any CPU
		{D645587B-6E51-4052-93E3-E75EF4DBF55B}.Release|Any CPU.ActiveCfg = Release|Any CPU
		{D645587B-6E51-4052-93E3-E75EF4DBF55B}.Release|Any CPU.Build.0 = Release|Any CPU
	EndGlobalSection
	GlobalSection(SolutionProperties) = preSolution
		HideSolutionNode = FALSE
	EndGlobalSection
	GlobalSection(ExtensibilityGlobals) = postSolution
		SolutionGuid = {105BF71E-B8FE-4AFE-8ADD-6776488E27D2}
	EndGlobalSection
EndGlobal
